github.com/Club404/theme v0.0.0-20230804133350-27c3457b4c24 h1:ItUiWl7b/t67CnEh8+cheySjvKlHNszpyETDrMmVFss=
github.com/Club404/theme v0.0.0-20230804133350-27c3457b4c24/go.mod h1:cvo626EvjwdoqvwwlQoqIke56hnI1E6px4YncE72lgw=
github.com/Club404/theme v0.0.0-20230805142644-1b0e30707913 h1:YaIHUHKSblso0l4wknnaSN3ES5FtC4bd65caJ4P5zo4=
github.com/Club404/theme v0.0.0-20230805142644-1b0e30707913/go.mod h1:cvo626EvjwdoqvwwlQoqIke56hnI1E6px4YncE72lgw=
