github.com/Club404/theme v0.0.0-20230704113225-625fd59910be h1:8btDYOcBejQfely1bjb8TRtuhan1OWS3pDllrObHjjM=
github.com/Club404/theme v0.0.0-20230704113225-625fd59910be/go.mod h1:cvo626EvjwdoqvwwlQoqIke56hnI1E6px4YncE72lgw=
github.com/Club404/theme v0.0.0-20230704154357-edec2cd579f8 h1:V/r8Fs68MfHo32SCrTmBAsJCAZ2hfEoG+OFly5Hd57M=
github.com/Club404/theme v0.0.0-20230704154357-edec2cd579f8/go.mod h1:cvo626EvjwdoqvwwlQoqIke56hnI1E6px4YncE72lgw=
